Microsoft Visual Studio Solution File, Format Version 11.00
# Visual Studio 2008

Project("{60CFB9B7-D670-5E83-5F5F-00A95A8B8A82}") = "AttractRepel", "Assembly-CSharp-firstpass.csproj", "{935D4357-8926-801C-F61F-4DEC6FCB4340}"
EndProject
Project("{60CFB9B7-D670-5E83-5F5F-00A95A8B8A82}") = "AttractRepel", "Assembly-CSharp.csproj", "{A0127148-F64D-3183-E0F9-C28ACB7F67D8}"
EndProject
Project("{60CFB9B7-D670-5E83-5F5F-00A95A8B8A82}") = "AttractRepel", "Assembly-UnityScript-firstpass.unityproj", "{ADEE8366-D417-7B89-8236-A6E7E169932A}"
EndProject
Global
	GlobalSection(SolutionConfigurationPlatforms) = preSolution
		Debug|Any CPU = Debug|Any CPU
		Release|Any CPU = Release|Any CPU
	EndGlobalSection
	GlobalSection(ProjectConfigurationPlatforms) = postSolution
		{935D4357-8926-801C-F61F-4DEC6FCB4340}.Debug|Any CPU.ActiveCfg = Debug|Any CPU
		{935D4357-8926-801C-F61F-4DEC6FCB4340}.Debug|Any CPU.Build.0 = Debug|Any CPU
		{935D4357-8926-801C-F61F-4DEC6FCB4340}.Release|Any CPU.ActiveCfg = Release|Any CPU
		{935D4357-8926-801C-F61F-4DEC6FCB4340}.Release|Any CPU.Build.0 = Release|Any CPU
		{A0127148-F64D-3183-E0F9-C28ACB7F67D8}.Debug|Any CPU.ActiveCfg = Debug|Any CPU
		{A0127148-F64D-3183-E0F9-C28ACB7F67D8}.Debug|Any CPU.Build.0 = Debug|Any CPU
		{A0127148-F64D-3183-E0F9-C28ACB7F67D8}.Release|Any CPU.ActiveCfg = Release|Any CPU
		{A0127148-F64D-3183-E0F9-C28ACB7F67D8}.Release|Any CPU.Build.0 = Release|Any CPU
		{ADEE8366-D417-7B89-8236-A6E7E169932A}.Debug|Any CPU.ActiveCfg = Debug|Any CPU
		{ADEE8366-D417-7B89-8236-A6E7E169932A}.Debug|Any CPU.Build.0 = Debug|Any CPU
		{ADEE8366-D417-7B89-8236-A6E7E169932A}.Release|Any CPU.ActiveCfg = Release|Any CPU
		{ADEE8366-D417-7B89-8236-A6E7E169932A}.Release|Any CPU.Build.0 = Release|Any CPU
	EndGlobalSection
	GlobalSection(SolutionProperties) = preSolution
		HideSolutionNode = FALSE
	EndGlobalSection
			GlobalSection(MonoDevelopProperties) = preSolution
		StartupItem = Assembly-CSharp.csproj
		Policies = $0
		$0.TextStylePolicy = $1
		$1.inheritsSet = null
		$1.scope = text/x-csharp
		$0.CSharpFormattingPolicy = $2
		$2.inheritsSet = Mono
		$2.inheritsScope = text/x-csharp
		$2.scope = text/x-csharp
		$0.TextStylePolicy = $3
		$3.FileWidth = 120
		$3.TabWidth = 4
		$3.EolMarker = Unix
		$3.inheritsSet = Mono
		$3.inheritsScope = text/plain
		$3.scope = text/plain
	EndGlobalSection

EndGlobal
